{
  "version": 4,
  "terraform_version": "1.2.5",
  "serial": 64,
  "lineage": "7bed4be7-dfc1-c8ee-62cc-1011f14e073f",
  "outputs": {},
  "resources": [
    {
      "module": "module.transit_service_prod_egress_vpc",
      "mode": "managed",
      "type": "huaweicloud_vpc",
      "name": "default",
      "provider": "provider[\"registry.terraform.io/huaweicloud/huaweicloud\"].general_service",
      "instances": [
        {
          "schema_version": 0,
          "attributes": {
            "cidr": "10.18.0.0/16",
            "description": "",
            "enterprise_project_id": "0",
            "id": "94fe1a24-2745-4a57-a678-9da93e058640",
            "name": "transit_prod_egress_vpc",
            "region": "ap-southeast-3",
            "routes": [
              {
                "destination": "0.0.0.0/0",
                "nexthop": "10.18.4.12"
              }
            ],
            "secondary_cidr": null,
            "status": "OK",
            "tags": {
              "Name": "transit_prod_egress_vpc"
            },
            "timeouts": null
          },
          "sensitive_attributes": [],
          "private": "eyJlMmJmYjczMC1lY2FhLTExZTYtOGY4OC0zNDM2M2JjN2M0YzAiOnsiY3JlYXRlIjo2MDAwMDAwMDAwMDAsImRlbGV0ZSI6MTgwMDAwMDAwMDAwfX0="
        }
      ]
    }
  ]
}
