{
  "version": 4,
  "terraform_version": "1.2.5",
  "serial": 7,
  "lineage": "96d84f0c-d31c-9ead-2e10-80c6a4826fad",
  "outputs": {},
  "resources": [
    {
      "mode": "data",
      "type": "huaweicloud_availability_zones",
      "name": "myaz",
      "provider": "provider[\"registry.terraform.io/huaweicloud/huaweicloud\"].general_service",
      "instances": [
        {
          "schema_version": 0,
          "attributes": {
            "id": "221423761",
            "names": [
              "ap-southeast-3a",
              "ap-southeast-3b",
              "ap-southeast-3c",
              "ap-southeast-3e"
            ],
            "region": null,
            "state": "available"
          },
          "sensitive_attributes": []
        }
      ]
    },
    {
      "mode": "data",
      "type": "huaweicloud_compute_flavors",
      "name": "myflavor",
      "provider": "provider[\"registry.terraform.io/huaweicloud/huaweicloud\"].general_service",
      "instances": [
        {
          "schema_version": 0,
          "attributes": {
            "availability_zone": "ap-southeast-3a",
            "cpu_core_count": 2,
            "generation": null,
            "id": "1168181878",
            "ids": [
              "c3.large.2",
              "c6.large.2",
              "c6s.large.2"
            ],
            "memory_size": 4,
            "performance_type": "computingv3",
            "region": "ap-southeast-3"
          },
          "sensitive_attributes": []
        }
      ]
    },
    {
      "mode": "data",
      "type": "huaweicloud_images_image",
      "name": "myimage",
      "provider": "provider[\"registry.terraform.io/huaweicloud/huaweicloud\"].general_service",
      "instances": [
        {
          "schema_version": 0,
          "attributes": {
            "architecture": null,
            "checksum": "d41d8cd98f00b204e9800998ecf8427e",
            "container_format": "bare",
            "created_at": "2020-10-09T15:02:34Z",
            "disk_format": "zvhd2",
            "enterprise_project_id": "",
            "file": "/v2/images/1228013a-31dd-4a42-97ac-6e595a80302a/file",
            "id": "1228013a-31dd-4a42-97ac-6e595a80302a",
            "image_type": "FusionCompute",
            "metadata": null,
            "min_disk_gb": 40,
            "min_ram_mb": 1024,
            "most_recent": true,
            "name": "Ubuntu 20.04 server 64bit",
            "name_regex": null,
            "os": "Ubuntu",
            "os_version": "Ubuntu 20.04 server 64bit",
            "owner": "c9fd059ecac04ceb89e708a2d61fd966",
            "protected": true,
            "region": null,
            "schema": "/v2/schemas/image",
            "size_bytes": 2219290624,
            "size_max": null,
            "size_min": null,
            "sort_direction": "asc",
            "sort_key": "name",
            "status": "active",
            "tag": null,
            "updated_at": "2022-10-27T07:40:04Z",
            "visibility": "public"
          },
          "sensitive_attributes": []
        }
      ]
    },
    {
      "mode": "data",
      "type": "terraform_remote_state",
      "name": "network",
      "provider": "provider[\"terraform.io/builtin/terraform\"]",
      "instances": [
        {
          "schema_version": 0,
          "attributes": {
            "backend": "local",
            "config": {
              "value": {
                "path": "../../hfa-core-account-playbook/1.hfa-network-playbook/terraform.tfstate"
              },
              "type": [
                "object",
                {
                  "path": "string"
                }
              ]
            },
            "defaults": null,
            "outputs": {
              "value": {
                "common_private_subnet_id": "2df9ef8e-3e27-4d62-9f4d-2560b6b65d6a",
                "common_requester_vpc_peering_id": "a27ed28c-49f7-4a60-bc8d-c4fda1be97b2",
                "common_vpc_id": "c734857e-578d-499e-becd-1a8829d174ad",
                "prod_private_subnet_id": "6b4e38d4-504a-4235-937f-ddfaeeff2a9a",
                "prod_vpc_id": "fc0f5241-f06b-4060-a4e8-a3f1c6609d21",
                "transit_egress_nat_gw_eip": "d1eeb61c-d5e2-4caf-88cf-ee1f561bea72",
                "transit_egress_nat_gw_id": "7688240c-6c6d-48b9-8101-14cfa9b502f8",
                "transit_prod_egress_subnet_id": "5b20befb-2132-4c70-9f97-1832089c17af",
                "transit_prod_egress_vpc_id": "94fe1a24-2745-4a57-a678-9da93e058640",
                "transit_prod_ingress_subnet_id": "4d94d9da-d630-438b-aab7-9466e5dd0000",
                "transit_prod_ingress_vpc_id": "0090cda4-2ed8-4af8-a86a-79507f6df227"
              },
              "type": [
                "object",
                {
                  "common_private_subnet_id": "string",
                  "common_requester_vpc_peering_id": "string",
                  "common_vpc_id": "string",
                  "prod_private_subnet_id": "string",
                  "prod_vpc_id": "string",
                  "transit_egress_nat_gw_eip": "string",
                  "transit_egress_nat_gw_id": "string",
                  "transit_prod_egress_subnet_id": "string",
                  "transit_prod_egress_vpc_id": "string",
                  "transit_prod_ingress_subnet_id": "string",
                  "transit_prod_ingress_vpc_id": "string"
                }
              ]
            },
            "workspace": null
          },
          "sensitive_attributes": []
        }
      ]
    },
    {
      "mode": "managed",
      "type": "huaweicloud_compute_instance",
      "name": "ecs-common",
      "provider": "provider[\"registry.terraform.io/huaweicloud/huaweicloud\"].general_service",
      "instances": [
        {
          "schema_version": 0,
          "attributes": {
            "access_ip_v4": "10.19.0.101",
            "access_ip_v6": "",
            "admin_pass": null,
            "agency_name": "",
            "agent_list": "",
            "auto_pay": null,
            "auto_renew": null,
            "availability_zone": "ap-southeast-3a",
            "bandwidth": [],
            "block_device": [],
            "charging_mode": "postPaid",
            "data_disks": [],
            "delete_disks_on_termination": null,
            "delete_eip_on_termination": true,
            "eip_id": null,
            "eip_type": null,
            "enterprise_project_id": "0",
            "flavor_id": "c3.large.2",
            "flavor_name": "c3.large.2",
            "id": "fce483ff-c198-4e4a-a19d-d92b637019ec",
            "image_id": "1228013a-31dd-4a42-97ac-6e595a80302a",
            "image_name": "Ubuntu 20.04 server 64bit",
            "key_pair": null,
            "metadata": null,
            "name": "ecs-common",
            "network": [
              {
                "access_network": false,
                "fixed_ip_v4": "10.19.0.101",
                "fixed_ip_v6": "",
                "ipv6_enable": false,
                "mac": "fa:16:3e:c0:ad:12",
                "port": "50df2080-aeef-4684-8cd8-c76c12442d5d",
                "source_dest_check": true,
                "uuid": "2df9ef8e-3e27-4d62-9f4d-2560b6b65d6a"
              }
            ],
            "period": null,
            "period_unit": null,
            "power_action": null,
            "public_ip": null,
            "region": "ap-southeast-3",
            "scheduler_hints": [],
            "security_group_ids": [
              "b146d46e-ec31-4add-b85c-3fe27437a6da"
            ],
            "security_groups": [
              "sg-general-icmp"
            ],
            "status": "ACTIVE",
            "stop_before_destroy": false,
            "system_disk_id": "f7100859-abe3-4ba4-85b7-13f5bbdcb79c",
            "system_disk_size": 40,
            "system_disk_type": "GPSSD",
            "tags": null,
            "timeouts": null,
            "user_data": "b002acbe228a03d4857be31a4ecdb79711a1ecd9",
            "user_id": null,
            "volume_attached": [
              {
                "boot_index": 0,
                "pci_address": "0000:02:01.0",
                "size": 40,
                "type": "GPSSD",
                "volume_id": "f7100859-abe3-4ba4-85b7-13f5bbdcb79c"
              }
            ]
          },
          "sensitive_attributes": [],
          "private": "eyJlMmJmYjczMC1lY2FhLTExZTYtOGY4OC0zNDM2M2JjN2M0YzAiOnsiY3JlYXRlIjoxODAwMDAwMDAwMDAwLCJkZWxldGUiOjE4MDAwMDAwMDAwMDAsInVwZGF0ZSI6MTgwMDAwMDAwMDAwMH19",
          "dependencies": [
            "data.huaweicloud_availability_zones.myaz",
            "data.huaweicloud_compute_flavors.myflavor",
            "data.huaweicloud_images_image.myimage",
            "data.terraform_remote_state.network",
            "huaweicloud_networking_secgroup.sg_general"
          ]
        }
      ]
    },
    {
      "mode": "managed",
      "type": "huaweicloud_compute_instance",
      "name": "ecs-prod",
      "provider": "provider[\"registry.terraform.io/huaweicloud/huaweicloud\"].general_service",
      "instances": [
        {
          "schema_version": 0,
          "attributes": {
            "access_ip_v4": "10.100.0.101",
            "access_ip_v6": "",
            "admin_pass": null,
            "agency_name": "",
            "agent_list": "",
            "auto_pay": null,
            "auto_renew": null,
            "availability_zone": "ap-southeast-3a",
            "bandwidth": [],
            "block_device": [],
            "charging_mode": "postPaid",
            "data_disks": [],
            "delete_disks_on_termination": null,
            "delete_eip_on_termination": true,
            "eip_id": null,
            "eip_type": null,
            "enterprise_project_id": "0",
            "flavor_id": "c3.large.2",
            "flavor_name": "c3.large.2",
            "id": "9f5ff01e-fe5e-4cf6-9d7e-d18a98b96367",
            "image_id": "1228013a-31dd-4a42-97ac-6e595a80302a",
            "image_name": "Ubuntu 20.04 server 64bit",
            "key_pair": null,
            "metadata": null,
            "name": "ecs-prod",
            "network": [
              {
                "access_network": false,
                "fixed_ip_v4": "10.100.0.101",
                "fixed_ip_v6": "",
                "ipv6_enable": false,
                "mac": "fa:16:3e:85:21:86",
                "port": "658105e1-d173-4424-9e93-7676267fcb24",
                "source_dest_check": true,
                "uuid": "6b4e38d4-504a-4235-937f-ddfaeeff2a9a"
              }
            ],
            "period": null,
            "period_unit": null,
            "power_action": null,
            "public_ip": null,
            "region": "ap-southeast-3",
            "scheduler_hints": [],
            "security_group_ids": [
              "b146d46e-ec31-4add-b85c-3fe27437a6da"
            ],
            "security_groups": [
              "sg-general-icmp"
            ],
            "status": "ACTIVE",
            "stop_before_destroy": false,
            "system_disk_id": "f5171b0d-520e-4b02-afb5-7455d81d4d2b",
            "system_disk_size": 40,
            "system_disk_type": "GPSSD",
            "tags": null,
            "timeouts": null,
            "user_data": "b002acbe228a03d4857be31a4ecdb79711a1ecd9",
            "user_id": null,
            "volume_attached": [
              {
                "boot_index": 0,
                "pci_address": "0000:02:01.0",
                "size": 40,
                "type": "GPSSD",
                "volume_id": "f5171b0d-520e-4b02-afb5-7455d81d4d2b"
              }
            ]
          },
          "sensitive_attributes": [],
          "private": "eyJlMmJmYjczMC1lY2FhLTExZTYtOGY4OC0zNDM2M2JjN2M0YzAiOnsiY3JlYXRlIjoxODAwMDAwMDAwMDAwLCJkZWxldGUiOjE4MDAwMDAwMDAwMDAsInVwZGF0ZSI6MTgwMDAwMDAwMDAwMH19",
          "dependencies": [
            "data.huaweicloud_availability_zones.myaz",
            "data.huaweicloud_compute_flavors.myflavor",
            "data.huaweicloud_images_image.myimage",
            "data.terraform_remote_state.network",
            "huaweicloud_networking_secgroup.sg_general"
          ]
        }
      ]
    },
    {
      "mode": "managed",
      "type": "huaweicloud_compute_instance",
      "name": "ecs-transit-prod-egress",
      "provider": "provider[\"registry.terraform.io/huaweicloud/huaweicloud\"].general_service",
      "instances": [
        {
          "schema_version": 0,
          "attributes": {
            "access_ip_v4": "10.18.0.101",
            "access_ip_v6": "",
            "admin_pass": null,
            "agency_name": "",
            "agent_list": "",
            "auto_pay": null,
            "auto_renew": null,
            "availability_zone": "ap-southeast-3a",
            "bandwidth": [],
            "block_device": [],
            "charging_mode": "postPaid",
            "data_disks": [],
            "delete_disks_on_termination": null,
            "delete_eip_on_termination": true,
            "eip_id": null,
            "eip_type": null,
            "enterprise_project_id": "0",
            "flavor_id": "c3.large.2",
            "flavor_name": "c3.large.2",
            "id": "058abfb7-0080-4e89-b943-338ca0283d0b",
            "image_id": "1228013a-31dd-4a42-97ac-6e595a80302a",
            "image_name": "Ubuntu 20.04 server 64bit",
            "key_pair": null,
            "metadata": null,
            "name": "ecs-transit-prod-egress",
            "network": [
              {
                "access_network": false,
                "fixed_ip_v4": "10.18.0.101",
                "fixed_ip_v6": "",
                "ipv6_enable": false,
                "mac": "fa:16:3e:52:40:a5",
                "port": "469aced0-5bed-44aa-b648-b39e576e1217",
                "source_dest_check": true,
                "uuid": "5b20befb-2132-4c70-9f97-1832089c17af"
              }
            ],
            "period": null,
            "period_unit": null,
            "power_action": null,
            "public_ip": null,
            "region": "ap-southeast-3",
            "scheduler_hints": [],
            "security_group_ids": [
              "b146d46e-ec31-4add-b85c-3fe27437a6da"
            ],
            "security_groups": [
              "sg-general-icmp"
            ],
            "status": "ACTIVE",
            "stop_before_destroy": false,
            "system_disk_id": "54ae8046-ce15-4506-b072-e4b1bc48f4c8",
            "system_disk_size": 40,
            "system_disk_type": "GPSSD",
            "tags": null,
            "timeouts": null,
            "user_data": "b002acbe228a03d4857be31a4ecdb79711a1ecd9",
            "user_id": null,
            "volume_attached": [
              {
                "boot_index": 0,
                "pci_address": "0000:02:01.0",
                "size": 40,
                "type": "GPSSD",
                "volume_id": "54ae8046-ce15-4506-b072-e4b1bc48f4c8"
              }
            ]
          },
          "sensitive_attributes": [],
          "private": "eyJlMmJmYjczMC1lY2FhLTExZTYtOGY4OC0zNDM2M2JjN2M0YzAiOnsiY3JlYXRlIjoxODAwMDAwMDAwMDAwLCJkZWxldGUiOjE4MDAwMDAwMDAwMDAsInVwZGF0ZSI6MTgwMDAwMDAwMDAwMH19",
          "dependencies": [
            "data.huaweicloud_availability_zones.myaz",
            "data.huaweicloud_compute_flavors.myflavor",
            "data.huaweicloud_images_image.myimage",
            "data.terraform_remote_state.network",
            "huaweicloud_networking_secgroup.sg_general"
          ]
        }
      ]
    },
    {
      "mode": "managed",
      "type": "huaweicloud_compute_instance",
      "name": "ecs-transit-prod-ingress",
      "provider": "provider[\"registry.terraform.io/huaweicloud/huaweicloud\"].general_service",
      "instances": [
        {
          "schema_version": 0,
          "attributes": {
            "access_ip_v4": "10.17.0.101",
            "access_ip_v6": "",
            "admin_pass": null,
            "agency_name": "",
            "agent_list": "",
            "auto_pay": null,
            "auto_renew": null,
            "availability_zone": "ap-southeast-3a",
            "bandwidth": [],
            "block_device": [],
            "charging_mode": "postPaid",
            "data_disks": [],
            "delete_disks_on_termination": null,
            "delete_eip_on_termination": true,
            "eip_id": null,
            "eip_type": null,
            "enterprise_project_id": "0",
            "flavor_id": "c3.large.2",
            "flavor_name": "c3.large.2",
            "id": "e8c76c2a-44d1-4bc4-b078-1004102e3a8c",
            "image_id": "1228013a-31dd-4a42-97ac-6e595a80302a",
            "image_name": "Ubuntu 20.04 server 64bit",
            "key_pair": null,
            "metadata": null,
            "name": "ecs-transit-prod-ingress",
            "network": [
              {
                "access_network": false,
                "fixed_ip_v4": "10.17.0.101",
                "fixed_ip_v6": "",
                "ipv6_enable": false,
                "mac": "fa:16:3e:38:27:8c",
                "port": "da8694fa-7a8a-4dc9-ae0a-f3a3bb9adeae",
                "source_dest_check": true,
                "uuid": "4d94d9da-d630-438b-aab7-9466e5dd0000"
              }
            ],
            "period": null,
            "period_unit": null,
            "power_action": null,
            "public_ip": null,
            "region": "ap-southeast-3",
            "scheduler_hints": [],
            "security_group_ids": [
              "b146d46e-ec31-4add-b85c-3fe27437a6da"
            ],
            "security_groups": [
              "sg-general-icmp"
            ],
            "status": "ACTIVE",
            "stop_before_destroy": false,
            "system_disk_id": "514021aa-dc9a-4022-a096-e1bc2e009255",
            "system_disk_size": 40,
            "system_disk_type": "GPSSD",
            "tags": null,
            "timeouts": null,
            "user_data": "b002acbe228a03d4857be31a4ecdb79711a1ecd9",
            "user_id": null,
            "volume_attached": [
              {
                "boot_index": 0,
                "pci_address": "0000:02:01.0",
                "size": 40,
                "type": "GPSSD",
                "volume_id": "514021aa-dc9a-4022-a096-e1bc2e009255"
              }
            ]
          },
          "sensitive_attributes": [],
          "private": "eyJlMmJmYjczMC1lY2FhLTExZTYtOGY4OC0zNDM2M2JjN2M0YzAiOnsiY3JlYXRlIjoxODAwMDAwMDAwMDAwLCJkZWxldGUiOjE4MDAwMDAwMDAwMDAsInVwZGF0ZSI6MTgwMDAwMDAwMDAwMH19",
          "dependencies": [
            "data.huaweicloud_availability_zones.myaz",
            "data.huaweicloud_compute_flavors.myflavor",
            "data.huaweicloud_images_image.myimage",
            "data.terraform_remote_state.network",
            "huaweicloud_networking_secgroup.sg_general"
          ]
        }
      ]
    },
    {
      "mode": "managed",
      "type": "huaweicloud_networking_secgroup",
      "name": "sg_general",
      "provider": "provider[\"registry.terraform.io/huaweicloud/huaweicloud\"].general_service",
      "instances": [
        {
          "schema_version": 0,
          "attributes": {
            "created_at": "2023-01-11T03:56:29Z",
            "delete_default_rules": null,
            "description": "",
            "enterprise_project_id": "0",
            "id": "b146d46e-ec31-4add-b85c-3fe27437a6da",
            "name": "sg-general-icmp",
            "region": "ap-southeast-3",
            "rules": [
              {
                "description": "",
                "direction": "egress",
                "ethertype": "IPv6",
                "id": "73540138-5b3c-4c54-af20-02231a20d358",
                "port_range_max": 0,
                "port_range_min": 0,
                "ports": "",
                "protocol": "",
                "remote_group_id": "",
                "remote_ip_prefix": ""
              },
              {
                "description": "",
                "direction": "ingress",
                "ethertype": "IPv4",
                "id": "4daec62c-dc85-44fd-8b40-07d1e785750e",
                "port_range_max": 0,
                "port_range_min": 0,
                "ports": "",
                "protocol": "",
                "remote_group_id": "b146d46e-ec31-4add-b85c-3fe27437a6da",
                "remote_ip_prefix": ""
              },
              {
                "description": "",
                "direction": "egress",
                "ethertype": "IPv4",
                "id": "85ce2ce2-e4ef-45d0-bbfa-10b543928924",
                "port_range_max": 0,
                "port_range_min": 0,
                "ports": "",
                "protocol": "",
                "remote_group_id": "",
                "remote_ip_prefix": ""
              },
              {
                "description": "",
                "direction": "ingress",
                "ethertype": "IPv6",
                "id": "a32f838d-0ddd-46b4-bfa8-5e5743b88878",
                "port_range_max": 0,
                "port_range_min": 0,
                "ports": "",
                "protocol": "",
                "remote_group_id": "b146d46e-ec31-4add-b85c-3fe27437a6da",
                "remote_ip_prefix": ""
              }
            ],
            "timeouts": null,
            "updated_at": "2023-01-11T03:56:29Z"
          },
          "sensitive_attributes": [],
          "private": "eyJlMmJmYjczMC1lY2FhLTExZTYtOGY4OC0zNDM2M2JjN2M0YzAiOnsiZGVsZXRlIjo2MDAwMDAwMDAwMDB9fQ=="
        }
      ]
    },
    {
      "mode": "managed",
      "type": "huaweicloud_networking_secgroup_rule",
      "name": "sg_rule_general",
      "provider": "provider[\"registry.terraform.io/huaweicloud/huaweicloud\"].general_service",
      "instances": [
        {
          "schema_version": 0,
          "attributes": {
            "description": "",
            "direction": "ingress",
            "ethertype": "IPv4",
            "id": "6f1b71dc-96b3-4c8d-8ffe-9e7d03b389a4",
            "port_range_max": 0,
            "port_range_min": 0,
            "ports": "",
            "protocol": "icmp",
            "region": "ap-southeast-3",
            "remote_group_id": "",
            "remote_ip_prefix": "0.0.0.0/0",
            "security_group_id": "b146d46e-ec31-4add-b85c-3fe27437a6da",
            "timeouts": null
          },
          "sensitive_attributes": [],
          "private": "eyJlMmJmYjczMC1lY2FhLTExZTYtOGY4OC0zNDM2M2JjN2M0YzAiOnsiZGVsZXRlIjo2MDAwMDAwMDAwMDB9fQ==",
          "dependencies": [
            "huaweicloud_networking_secgroup.sg_general"
          ]
        }
      ]
    }
  ]
}
